
Microsoft Visual Studio Solution File, Format Version 12.00
# Visual Studio 15
Project("{FAE04EC0-301F-11D3-BF4B-00C04F79EFBC}") = "FileManagement", "FileManagement\FileManagement.csproj", "{C142941E-E3D1-43E1-B66D-B82F76DB2808}"
EndProject
Global
	GlobalSection(SolutionConfigurationPlatforms) = preSolution
		Debug|Any CPU = Debug|Any CPU
		Release|Any CPU = Release|Any CPU
	EndGlobalSection
	GlobalSection(ProjectConfigurationPlatforms) = postSolution
		{C142941E-E3D1-43E1-B66D-B82F76DB2808}.Debug|Any CPU.ActiveCfg = Debug|Any CPU
		{C142941E-E3D1-43E1-B66D-B82F76DB2808}.Debug|Any CPU.Build.0 = Debug|Any CPU
		{C142941E-E3D1-43E1-B66D-B82F76DB2808}.Release|Any CPU.ActiveCfg = Release|Any CPU
		{C142941E-E3D1-43E1-B66D-B82F76DB2808}.Release|Any CPU.Build.0 = Release|Any CPU
	EndGlobalSection
EndGlobal
