
Microsoft Visual Studio Solution File, Format Version 12.00
# Visual Studio 15
Project("{FAE04EC0-301F-11D3-BF4B-00C04F79EFBC}") = "HangMan", "HangMan\HangMan.csproj", "{F896E787-F240-47B1-93CD-AB2E66EE48EE}"
EndProject
Global
	GlobalSection(SolutionConfigurationPlatforms) = preSolution
		Debug|Any CPU = Debug|Any CPU
		Release|Any CPU = Release|Any CPU
	EndGlobalSection
	GlobalSection(ProjectConfigurationPlatforms) = postSolution
		{F896E787-F240-47B1-93CD-AB2E66EE48EE}.Debug|Any CPU.ActiveCfg = Debug|Any CPU
		{F896E787-F240-47B1-93CD-AB2E66EE48EE}.Debug|Any CPU.Build.0 = Debug|Any CPU
		{F896E787-F240-47B1-93CD-AB2E66EE48EE}.Release|Any CPU.ActiveCfg = Release|Any CPU
		{F896E787-F240-47B1-93CD-AB2E66EE48EE}.Release|Any CPU.Build.0 = Release|Any CPU
	EndGlobalSection
EndGlobal
